
Microsoft Visual Studio Solution File, Format Version 12.00
# Visual Studio Version 16
VisualStudioVersion = 16.0.29709.97
MinimumVisualStudioVersion = 10.0.40219.1
Project("{FAE04EC0-301F-11D3-BF4B-00C04F79EFBC}") = "Word and filehandeling", "Word and filehandeling\Word and filehandeling.csproj", "{1FA49643-3B21-4CB5-91D4-8C9247049879}"
EndProject
Global
	GlobalSection(SolutionConfigurationPlatforms) = preSolution
		Debug|Any CPU = Debug|Any CPU
		Release|Any CPU = Release|Any CPU
	EndGlobalSection
	GlobalSection(ProjectConfigurationPlatforms) = postSolution
		{1FA49643-3B21-4CB5-91D4-8C9247049879}.Debug|Any CPU.ActiveCfg = Debug|Any CPU
		{1FA49643-3B21-4CB5-91D4-8C9247049879}.Debug|Any CPU.Build.0 = Debug|Any CPU
		{1FA49643-3B21-4CB5-91D4-8C9247049879}.Release|Any CPU.ActiveCfg = Release|Any CPU
		{1FA49643-3B21-4CB5-91D4-8C9247049879}.Release|Any CPU.Build.0 = Release|Any CPU
	EndGlobalSection
	GlobalSection(SolutionProperties) = preSolution
		HideSolutionNode = FALSE
	EndGlobalSection
	GlobalSection(ExtensibilityGlobals) = postSolution
		SolutionGuid = {B2C49194-A741-4195-AE55-E95992D1DE50}
	EndGlobalSection
EndGlobal
